
Microsoft Visual Studio Solution File, Format Version 12.00
# Visual Studio Version 17
VisualStudioVersion = 17.14.36127.28 d17.14
MinimumVisualStudioVersion = 10.0.40219.1
Project("{FAE04EC0-301F-11D3-BF4B-00C04F79EFBC}") = "Employee management system", "Employee management system.csproj", "{476D221C-E8E1-4D8B-88A1-48E897FD28CA}"
EndProject
Global
	GlobalSection(SolutionConfigurationPlatforms) = preSolution
		Debug|Any CPU = Debug|Any CPU
		Release|Any CPU = Release|Any CPU
	EndGlobalSection
	GlobalSection(ProjectConfigurationPlatforms) = postSolution
		{476D221C-E8E1-4D8B-88A1-48E897FD28CA}.Debug|Any CPU.ActiveCfg = Debug|Any CPU
		{476D221C-E8E1-4D8B-88A1-48E897FD28CA}.Debug|Any CPU.Build.0 = Debug|Any CPU
		{476D221C-E8E1-4D8B-88A1-48E897FD28CA}.Release|Any CPU.ActiveCfg = Release|Any CPU
		{476D221C-E8E1-4D8B-88A1-48E897FD28CA}.Release|Any CPU.Build.0 = Release|Any CPU
	EndGlobalSection
	GlobalSection(SolutionProperties) = preSolution
		HideSolutionNode = FALSE
	EndGlobalSection
	GlobalSection(ExtensibilityGlobals) = postSolution
		SolutionGuid = {EB9DF8FF-44C6-438B-B5D4-B6643A52D77F}
	EndGlobalSection
EndGlobal
